<?xml version="1.0" encoding="utf-8"?>
<Project ToolsVersion="4.0" xmlns="http://schemas.microsoft.com/developer/msbuild/2003">
  <ItemGroup>
    <Filter Include="Source Files">
      <UniqueIdentifier>{4FC737F1-C7A5-4376-A066-2A32D752A2FF}</UniqueIdentifier>
      <Extensions>cpp;c;cc;cxx;def;odl;idl;hpj;bat;asm;asmx</Extensions>
    </Filter>
    <Filter Include="Header Files">
      <UniqueIdentifier>{93995380-89BD-4b04-88EB-625FBE52EBFB}</UniqueIdentifier>
      <Extensions>h;hpp;hxx;hm;inl;inc;xsd</Extensions>
    </Filter>
    <Filter Include="Resource Files">
      <UniqueIdentifier>{67DA6AB6-F800-4c08-8B7A-83BB121AAD01}</UniqueIdentifier>
      <Extensions>rc;ico;cur;bmp;dlg;rc2;rct;bin;rgs;gif;jpg;jpeg;jpe;resx;tiff;tif;png;wav</Extensions>
    </Filter>
    <Filter Include="Source Files\Utility">
      <UniqueIdentifier>{13eacefb-2eec-49bc-89ff-22d6002b7fb6}</UniqueIdentifier>
    </Filter>
    <Filter Include="Source Files\Utility\Easing">
      <UniqueIdentifier>{188862f3-cf26-4995-8e99-1c3433e5cf07}</UniqueIdentifier>
    </Filter>
    <Filter Include="Source Files\Utility\Input">
      <UniqueIdentifier>{0274bf2e-a85d-4b54-9845-4ca259ce5f48}</UniqueIdentifier>
    </Filter>
    <Filter Include="Source Files\Utility\Input\Gamepad">
      <UniqueIdentifier>{4d56123b-d1d8-4732-9bd9-14dcb5a71ab5}</UniqueIdentifier>
    </Filter>
    <Filter Include="Source Files\Utility\Time">
      <UniqueIdentifier>{c3415810-585d-4a30-b563-14a2cf1e343f}</UniqueIdentifier>
    </Filter>
    <Filter Include="Source Files\Object">
      <UniqueIdentifier>{e8397ebb-ba00-44d7-aa22-e20643773d93}</UniqueIdentifier>
    </Filter>
    <Filter Include="Source Files\Utility\Interface">
      <UniqueIdentifier>{ec462456-05d9-418b-8484-6bbdf50df2f5}</UniqueIdentifier>
    </Filter>
    <Filter Include="Source Files\Utility\Resize">
      <UniqueIdentifier>{2e2f437b-879e-4a73-89b1-9df039300737}</UniqueIdentifier>
    </Filter>
    <Filter Include="Source Files\Scene">
      <UniqueIdentifier>{29ef06f9-4bdf-4eb1-a28a-a2e19cbff261}</UniqueIdentifier>
    </Filter>
    <Filter Include="Source Files\Scene\Category">
      <UniqueIdentifier>{53ffe2a0-149a-42da-b98c-f2692e7c7722}</UniqueIdentifier>
    </Filter>
    <Filter Include="Source Files\Scene\Manager">
      <UniqueIdentifier>{c32e6379-4f65-4daa-a4c9-a39541d86c39}</UniqueIdentifier>
    </Filter>
    <Filter Include="Source Files\Object\GameObject">
      <UniqueIdentifier>{9e50515a-efd3-4a9a-88e5-9fbed9790c26}</UniqueIdentifier>
    </Filter>
    <Filter Include="Source Files\Object\Component">
      <UniqueIdentifier>{88272d80-d3f7-45eb-88d0-71c88f151582}</UniqueIdentifier>
    </Filter>
    <Filter Include="Source Files\Object\Component\Components">
      <UniqueIdentifier>{09ff274f-4609-494f-baba-28b65afab38c}</UniqueIdentifier>
    </Filter>
    <Filter Include="Source Files\Object\GameObject\Camera">
      <UniqueIdentifier>{1a29b120-bac7-4da6-af1a-fe2d163158fe}</UniqueIdentifier>
    </Filter>
    <Filter Include="Source Files\Object\GameObject\Player">
      <UniqueIdentifier>{d5db054f-a5f6-44d1-aba5-829b57e937a8}</UniqueIdentifier>
    </Filter>
    <Filter Include="Source Files\Object\GameObject\Light">
      <UniqueIdentifier>{b5225935-db52-4df1-891e-7ffda22725d8}</UniqueIdentifier>
    </Filter>
    <Filter Include="Source Files\Object\GameObject\TolStage">
      <UniqueIdentifier>{456ac5f0-6cb7-4196-a10a-0224ef158492}</UniqueIdentifier>
    </Filter>
    <Filter Include="Source Files\Object\GameObject\TolStage\Blocks">
      <UniqueIdentifier>{16ff6fb8-8789-4e10-ab51-8342972466dc}</UniqueIdentifier>
    </Filter>
    <Filter Include="Source Files\Object\GameObject\TolStage\Blocks\BlockAction">
      <UniqueIdentifier>{02320584-b032-4edb-a46c-0aca1498aee4}</UniqueIdentifier>
    </Filter>
    <Filter Include="Source Files\Task">
      <UniqueIdentifier>{93a47132-399b-437e-ac52-b38fec74eae6}</UniqueIdentifier>
    </Filter>
  </ItemGroup>
  <ItemGroup>
    <ClCompile Include="..\src\TowerOfLife.cpp">
      <Filter>Source Files</Filter>
    </ClCompile>
    <ClCompile Include="..\src\TowerOfLife.cpp">
      <Filter>Source Files</Filter>
    </ClCompile>
    <ClCompile Include="..\src\Utility\Easing\Ease.cpp">
      <Filter>Source Files\Utility\Easing</Filter>
    </ClCompile>
    <ClCompile Include="..\src\Utility\Easing\EaseType.cpp">
      <Filter>Source Files\Utility\Easing</Filter>
    </ClCompile>
    <ClCompile Include="..\src\Utility\Input\InputEvent.cpp">
      <Filter>Source Files\Utility\Input</Filter>
    </ClCompile>
    <ClCompile Include="..\src\Utility\Time\Time.cpp">
      <Filter>Source Files\Utility\Time</Filter>
    </ClCompile>
    <ClCompile Include="..\src\Object\Component\Component.cpp">
      <Filter>Source Files\Object\Component</Filter>
    </ClCompile>
    <ClCompile Include="..\src\Object\Component\Components\Transform.cpp">
      <Filter>Source Files\Object\Component\Components</Filter>
    </ClCompile>
    <ClCompile Include="..\src\Object\GameObject\GameObjectEntities.cpp">
      <Filter>Source Files\Object\GameObject</Filter>
    </ClCompile>
    <ClCompile Include="..\src\Object\GameObject\GameObject.cpp">
      <Filter>Source Files\Object\GameObject</Filter>
    </ClCompile>
    <ClCompile Include="..\src\Scene\Category\GameMain.cpp">
      <Filter>Source Files\Scene\Category</Filter>
    </ClCompile>
    <ClCompile Include="..\src\Object\GameObject\Camera\Camera.cpp">
      <Filter>Source Files\Object\GameObject\Camera</Filter>
    </ClCompile>
    <ClCompile Include="..\src\Object\GameObject\Player\Player.cpp">
      <Filter>Source Files\Object\GameObject\Player</Filter>
    </ClCompile>
    <ClCompile Include="..\src\Object\GameObject\Light\Light.cpp">
      <Filter>Source Files\Object\GameObject\Light</Filter>
    </ClCompile>
    <ClCompile Include="..\src\Object\GameObject\TolStage\TolStage.cpp">
      <Filter>Source Files\Object\GameObject\TolStage</Filter>
    </ClCompile>
    <ClCompile Include="..\src\Object\GameObject\TolStage\TolBlockActionBase.cpp">
      <Filter>Source Files\Object\GameObject\TolStage\Blocks\BlockAction</Filter>
    </ClCompile>
    <ClCompile Include="..\src\Object\GameObject\TolStage\TolBlock.cpp">
      <Filter>Source Files\Object\GameObject\TolStage\Blocks</Filter>
    </ClCompile>
    <ClCompile Include="..\src\Object\GameObject\TolStage\TolBlockHolder.cpp">
      <Filter>Source Files\Object\GameObject\TolStage\Blocks</Filter>
    </ClCompile>
    <ClCompile Include="..\src\Object\GameObject\TolStage\TolBlockActions.cpp">
      <Filter>Source Files\Object\GameObject\TolStage\Blocks\BlockAction</Filter>
    </ClCompile>
  </ItemGroup>
  <ItemGroup>
    <ClInclude Include="..\src\Utility\Easing\Ease.h">
      <Filter>Source Files\Utility\Easing</Filter>
    </ClInclude>
    <ClInclude Include="..\src\Utility\Easing\EaseType.h">
      <Filter>Source Files\Utility\Easing</Filter>
    </ClInclude>
    <ClInclude Include="..\src\Utility\Input\InputEvent.h">
      <Filter>Source Files\Utility\Input</Filter>
    </ClInclude>
    <ClInclude Include="..\src\Utility\Input\Gamepad\Gamepad.h">
      <Filter>Source Files\Utility\Input\Gamepad</Filter>
    </ClInclude>
    <ClInclude Include="..\src\Utility\Time\Time.h">
      <Filter>Source Files\Utility\Time</Filter>
    </ClInclude>
    <ClInclude Include="..\src\Utility.h">
      <Filter>Source Files\Utility</Filter>
    </ClInclude>
    <ClInclude Include="..\src\Utility\Interface\Interface.h">
      <Filter>Source Files\Utility\Interface</Filter>
    </ClInclude>
    <ClInclude Include="..\src\Utility\Resize\Resize.h">
      <Filter>Source Files\Utility\Resize</Filter>
    </ClInclude>
    <ClInclude Include="..\src\Scene\Category\GameMain.h">
      <Filter>Source Files\Scene\Category</Filter>
    </ClInclude>
    <ClInclude Include="..\src\Scene\Manager\SceneBase.h">
      <Filter>Source Files\Scene\Manager</Filter>
    </ClInclude>
    <ClInclude Include="..\src\Object\Object.h">
      <Filter>Source Files\Object</Filter>
    </ClInclude>
    <ClInclude Include="..\src\Object\GameObject\GameObject.h">
      <Filter>Source Files\Object\GameObject</Filter>
    </ClInclude>
    <ClInclude Include="..\src\Object\GameObject\GameObjectEntities.h">
      <Filter>Source Files\Object\GameObject</Filter>
    </ClInclude>
    <ClInclude Include="..\src\Object\Component\Component.h">
      <Filter>Source Files\Object\Component</Filter>
    </ClInclude>
    <ClInclude Include="..\src\Object\Component\Components\Material.h">
      <Filter>Source Files\Object\Component\Components</Filter>
    </ClInclude>
    <ClInclude Include="..\src\Object\Component\Components\Texture.h">
      <Filter>Source Files\Object\Component\Components</Filter>
    </ClInclude>
    <ClInclude Include="..\src\Object\Component\Components\Transform.h">
      <Filter>Source Files\Object\Component\Components</Filter>
    </ClInclude>
    <ClInclude Include="..\src\Object\Component\Components\Color.h">
      <Filter>Source Files\Object\Component\Components</Filter>
    </ClInclude>
    <ClInclude Include="..\src\Object\GameObject\Camera\Camera.h">
      <Filter>Source Files\Object\GameObject\Camera</Filter>
    </ClInclude>
    <ClInclude Include="..\src\Object\GameObject\Player\Player.h">
      <Filter>Source Files\Object\GameObject\Player</Filter>
    </ClInclude>
    <ClInclude Include="..\src\Object\GameObject\Light\Light.h">
      <Filter>Source Files\Object\GameObject\Light</Filter>
    </ClInclude>
    <ClInclude Include="..\src\Coroutine.h">
      <Filter>Header Files</Filter>
    </ClInclude>
    <ClInclude Include="..\src\Object\GameObject\TolStage\TolStage.h">
      <Filter>Source Files\Object\GameObject\TolStage</Filter>
    </ClInclude>
    <ClInclude Include="..\src\Object\GameObject\TolStage\TolBlockActionBase.h">
      <Filter>Source Files\Object\GameObject\TolStage\Blocks\BlockAction</Filter>
    </ClInclude>
    <ClInclude Include="..\src\Object\GameObject\TolStage\TolBlockActions.h">
      <Filter>Source Files\Object\GameObject\TolStage\Blocks\BlockAction</Filter>
    </ClInclude>
    <ClInclude Include="..\src\Object\GameObject\TolStage\TolBlock.h">
      <Filter>Source Files\Object\GameObject\TolStage\Blocks</Filter>
    </ClInclude>
    <ClInclude Include="..\src\Task\ObjDataManager.h">
      <Filter>Source Files\Task</Filter>
    </ClInclude>
    <ClInclude Include="..\src\Task\SoundManager.h">
      <Filter>Source Files\Task</Filter>
    </ClInclude>
    <ClInclude Include="..\src\Task\TextureManager.h">
      <Filter>Source Files\Task</Filter>
    </ClInclude>
    <ClInclude Include="..\src\Object\GameObject\TolStage\TolBlockHolder.h">
      <Filter>Source Files\Object\GameObject\TolStage\Blocks</Filter>
    </ClInclude>
  </ItemGroup>
</Project>