<?xml version="1.0" encoding="utf-8"?>
<Project ToolsVersion="4.0" xmlns="http://schemas.microsoft.com/developer/msbuild/2003">
  <ItemGroup>
    <Filter Include="Source Files">
      <UniqueIdentifier>{4FC737F1-C7A5-4376-A066-2A32D752A2FF}</UniqueIdentifier>
      <Extensions>cpp;c;cc;cxx;def;odl;idl;hpj;bat;asm;asmx</Extensions>
    </Filter>
    <Filter Include="Header Files">
      <UniqueIdentifier>{93995380-89BD-4b04-88EB-625FBE52EBFB}</UniqueIdentifier>
      <Extensions>h;hpp;hxx;hm;inl;inc;xsd</Extensions>
    </Filter>
    <Filter Include="Resource Files">
      <UniqueIdentifier>{67DA6AB6-F800-4c08-8B7A-83BB121AAD01}</UniqueIdentifier>
      <Extensions>rc;ico;cur;bmp;dlg;rc2;rct;bin;rgs;gif;jpg;jpeg;jpe;resx;tiff;tif;png;wav</Extensions>
    </Filter>
    <Filter Include="Source Files\Utility">
      <UniqueIdentifier>{13eacefb-2eec-49bc-89ff-22d6002b7fb6}</UniqueIdentifier>
    </Filter>
    <Filter Include="Source Files\Utility\Easing">
      <UniqueIdentifier>{188862f3-cf26-4995-8e99-1c3433e5cf07}</UniqueIdentifier>
    </Filter>
    <Filter Include="Source Files\Utility\Input">
      <UniqueIdentifier>{0274bf2e-a85d-4b54-9845-4ca259ce5f48}</UniqueIdentifier>
    </Filter>
    <Filter Include="Source Files\Utility\Input\Gamepad">
      <UniqueIdentifier>{4d56123b-d1d8-4732-9bd9-14dcb5a71ab5}</UniqueIdentifier>
    </Filter>
    <Filter Include="Source Files\Utility\Time">
      <UniqueIdentifier>{c3415810-585d-4a30-b563-14a2cf1e343f}</UniqueIdentifier>
    </Filter>
    <Filter Include="Source Files\Object">
      <UniqueIdentifier>{e8397ebb-ba00-44d7-aa22-e20643773d93}</UniqueIdentifier>
    </Filter>
    <Filter Include="Source Files\Utility\Interface">
      <UniqueIdentifier>{ec462456-05d9-418b-8484-6bbdf50df2f5}</UniqueIdentifier>
    </Filter>
    <Filter Include="Source Files\Utility\Resize">
      <UniqueIdentifier>{2e2f437b-879e-4a73-89b1-9df039300737}</UniqueIdentifier>
    </Filter>
    <Filter Include="Source Files\Scene">
      <UniqueIdentifier>{29ef06f9-4bdf-4eb1-a28a-a2e19cbff261}</UniqueIdentifier>
    </Filter>
    <Filter Include="Source Files\Scene\Category">
      <UniqueIdentifier>{53ffe2a0-149a-42da-b98c-f2692e7c7722}</UniqueIdentifier>
    </Filter>
    <Filter Include="Source Files\Scene\Manager">
      <UniqueIdentifier>{c32e6379-4f65-4daa-a4c9-a39541d86c39}</UniqueIdentifier>
    </Filter>
    <Filter Include="Source Files\Object\GameObject">
      <UniqueIdentifier>{9e50515a-efd3-4a9a-88e5-9fbed9790c26}</UniqueIdentifier>
    </Filter>
    <Filter Include="Source Files\Object\Component">
      <UniqueIdentifier>{88272d80-d3f7-45eb-88d0-71c88f151582}</UniqueIdentifier>
    </Filter>
    <Filter Include="Source Files\Object\Component\Components">
      <UniqueIdentifier>{09ff274f-4609-494f-baba-28b65afab38c}</UniqueIdentifier>
    </Filter>
    <Filter Include="Source Files\Object\GameObject\Camera">
      <UniqueIdentifier>{1a29b120-bac7-4da6-af1a-fe2d163158fe}</UniqueIdentifier>
    </Filter>
    <Filter Include="Source Files\Object\GameObject\Player">
      <UniqueIdentifier>{d5db054f-a5f6-44d1-aba5-829b57e937a8}</UniqueIdentifier>
    </Filter>
    <Filter Include="Source Files\Object\GameObject\Light">
      <UniqueIdentifier>{b5225935-db52-4df1-891e-7ffda22725d8}</UniqueIdentifier>
    </Filter>
    <Filter Include="Source Files\Object\GameObject\TolStage">
      <UniqueIdentifier>{456ac5f0-6cb7-4196-a10a-0224ef158492}</UniqueIdentifier>
    </Filter>
    <Filter Include="Source Files\Task">
      <UniqueIdentifier>{93a47132-399b-437e-ac52-b38fec74eae6}</UniqueIdentifier>
    </Filter>
    <Filter Include="Source Files\Object\GameObject\TolStage\Block">
      <UniqueIdentifier>{16ff6fb8-8789-4e10-ab51-8342972466dc}</UniqueIdentifier>
    </Filter>
    <Filter Include="Source Files\Object\GameObject\TolStage\Block\BlockAction">
      <UniqueIdentifier>{02320584-b032-4edb-a46c-0aca1498aee4}</UniqueIdentifier>
    </Filter>
    <Filter Include="Source Files\Object\GameObject\TolStage\Coin">
      <UniqueIdentifier>{4949143a-b580-4afd-8cbe-d9a9494f753e}</UniqueIdentifier>
    </Filter>
    <Filter Include="Source Files\Utility\Random">
      <UniqueIdentifier>{6c9be0bf-8ed4-4a3a-8fc7-3f8368617738}</UniqueIdentifier>
    </Filter>
    <Filter Include="Source Files\Tol">
      <UniqueIdentifier>{ab95a829-00bc-4b91-a07c-5043af2ddae7}</UniqueIdentifier>
    </Filter>
    <Filter Include="Source Files\Utility\Json">
      <UniqueIdentifier>{112dd0ad-d1a2-4bf3-9cc4-aa2749aa625c}</UniqueIdentifier>
    </Filter>
    <Filter Include="Source Files\Object\GameObject\SkyDome">
      <UniqueIdentifier>{27730386-243f-4a61-a521-7f3e0f52a523}</UniqueIdentifier>
    </Filter>
    <Filter Include="Source Files\Object\GameObject\SkyDome\Skydomes">
      <UniqueIdentifier>{f3195193-1ca6-495d-8cd7-7626c5d60768}</UniqueIdentifier>
    </Filter>
    <Filter Include="Source Files\Object\UI">
      <UniqueIdentifier>{1819257c-668e-42b5-af9d-fed335ee5fec}</UniqueIdentifier>
    </Filter>
    <Filter Include="Source Files\Object\UI\TolUI">
      <UniqueIdentifier>{a6382342-9de1-40f8-9de7-5c1d690410c6}</UniqueIdentifier>
    </Filter>
    <Filter Include="Source Files\Object\UI\Font">
      <UniqueIdentifier>{bb2a276d-55e9-42ad-8998-54de6de22cb5}</UniqueIdentifier>
    </Filter>
    <Filter Include="Source Files\Object\UI\TolUI\Gacha">
      <UniqueIdentifier>{6a85b802-23db-4da7-ad38-64a022d69283}</UniqueIdentifier>
    </Filter>
    <Filter Include="Source Files\Object\UI\FrameView">
      <UniqueIdentifier>{3aa5ea8a-ddf5-4c4d-8b3a-9400bdb14bef}</UniqueIdentifier>
    </Filter>
    <Filter Include="Source Files\Object\UI\TolUI\BackGround">
      <UniqueIdentifier>{f99e0cf8-1f74-463a-934b-38099fd2adf4}</UniqueIdentifier>
    </Filter>
    <Filter Include="Source Files\Object\UI\UICamera">
      <UniqueIdentifier>{ea2738f5-3ace-46ba-b579-98a57401c4df}</UniqueIdentifier>
    </Filter>
    <Filter Include="Source Files\Object\UI\TextureUI">
      <UniqueIdentifier>{5c9d49ee-0f31-4178-bee6-c3f60b4b452c}</UniqueIdentifier>
    </Filter>
    <Filter Include="Source Files\Object\UI\TextureUI\Button">
      <UniqueIdentifier>{91c23c1e-de37-4bb5-a49e-427a55a191fb}</UniqueIdentifier>
    </Filter>
    <Filter Include="Source Files\Object\UI\TolUI\Fade">
      <UniqueIdentifier>{bc251d3d-d034-498e-abc3-d7f74f0f3ac4}</UniqueIdentifier>
    </Filter>
  </ItemGroup>
  <ItemGroup>
    <ClCompile Include="..\src\TowerOfLife.cpp">
      <Filter>Source Files</Filter>
    </ClCompile>
    <ClCompile Include="..\src\TowerOfLife.cpp">
      <Filter>Source Files</Filter>
    </ClCompile>
    <ClCompile Include="..\src\Utility\Easing\Ease.cpp">
      <Filter>Source Files\Utility\Easing</Filter>
    </ClCompile>
    <ClCompile Include="..\src\Utility\Easing\EaseType.cpp">
      <Filter>Source Files\Utility\Easing</Filter>
    </ClCompile>
    <ClCompile Include="..\src\Utility\Input\InputEvent.cpp">
      <Filter>Source Files\Utility\Input</Filter>
    </ClCompile>
    <ClCompile Include="..\src\Utility\Time\Time.cpp">
      <Filter>Source Files\Utility\Time</Filter>
    </ClCompile>
    <ClCompile Include="..\src\Object\Component\Component.cpp">
      <Filter>Source Files\Object\Component</Filter>
    </ClCompile>
    <ClCompile Include="..\src\Object\Component\Components\Transform.cpp">
      <Filter>Source Files\Object\Component\Components</Filter>
    </ClCompile>
    <ClCompile Include="..\src\Object\GameObject\GameObjectEntities.cpp">
      <Filter>Source Files\Object\GameObject</Filter>
    </ClCompile>
    <ClCompile Include="..\src\Object\GameObject\GameObject.cpp">
      <Filter>Source Files\Object\GameObject</Filter>
    </ClCompile>
    <ClCompile Include="..\src\Scene\Category\GameMain.cpp">
      <Filter>Source Files\Scene\Category</Filter>
    </ClCompile>
    <ClCompile Include="..\src\Object\GameObject\Camera\Camera.cpp">
      <Filter>Source Files\Object\GameObject\Camera</Filter>
    </ClCompile>
    <ClCompile Include="..\src\Object\GameObject\Player\Player.cpp">
      <Filter>Source Files\Object\GameObject\Player</Filter>
    </ClCompile>
    <ClCompile Include="..\src\Object\GameObject\Light\Light.cpp">
      <Filter>Source Files\Object\GameObject\Light</Filter>
    </ClCompile>
    <ClCompile Include="..\src\Object\GameObject\TolStage\TolStage.cpp">
      <Filter>Source Files\Object\GameObject\TolStage</Filter>
    </ClCompile>
    <ClCompile Include="..\src\Object\GameObject\TolStage\TolBlockActionBase.cpp">
      <Filter>Source Files\Object\GameObject\TolStage\Block\BlockAction</Filter>
    </ClCompile>
    <ClCompile Include="..\src\Object\GameObject\TolStage\TolBlock.cpp">
      <Filter>Source Files\Object\GameObject\TolStage\Block</Filter>
    </ClCompile>
    <ClCompile Include="..\src\Object\GameObject\TolStage\TolBlockHolder.cpp">
      <Filter>Source Files\Object\GameObject\TolStage\Block</Filter>
    </ClCompile>
    <ClCompile Include="..\src\Object\GameObject\TolStage\TolBlockActions.cpp">
      <Filter>Source Files\Object\GameObject\TolStage\Block\BlockAction</Filter>
    </ClCompile>
    <ClCompile Include="..\src\Object\GameObject\TolStage\TolCoin.cpp">
      <Filter>Source Files\Object\GameObject\TolStage\Coin</Filter>
    </ClCompile>
    <ClCompile Include="..\src\Object\GameObject\TolStage\TolCoinHolder.cpp">
      <Filter>Source Files\Object\GameObject\TolStage\Coin</Filter>
    </ClCompile>
    <ClCompile Include="..\src\Utility\Utility.cpp">
      <Filter>Source Files\Utility</Filter>
    </ClCompile>
    <ClCompile Include="..\src\Object\GameObject\Skydome\Skydomes.cpp">
      <Filter>Source Files\Object\GameObject\SkyDome\Skydomes</Filter>
    </ClCompile>
    <ClCompile Include="..\src\Object\GameObject\Skydome\SkydomeBase.cpp">
      <Filter>Source Files\Object\GameObject\SkyDome</Filter>
    </ClCompile>
    <ClCompile Include="..\src\Object\UI\UIBase.cpp">
      <Filter>Source Files\Object\UI</Filter>
    </ClCompile>
    <ClCompile Include="..\src\Object\UI\TolUI\Gacha\GachaHolder.cpp">
      <Filter>Source Files\Object\UI\TolUI\Gacha</Filter>
    </ClCompile>
    <ClCompile Include="..\src\Object\UI\TolUI\Gacha\GachaButton.cpp">
      <Filter>Source Files\Object\UI\TolUI\Gacha</Filter>
    </ClCompile>
    <ClCompile Include="..\src\Object\UI\Button\ButtonBase.cpp">
      <Filter>Source Files\Object\UI\TextureUI\Button</Filter>
    </ClCompile>
    <ClCompile Include="..\src\Object\UI\UICamera\UICamera.cpp">
      <Filter>Source Files\Object\UI\UICamera</Filter>
    </ClCompile>
    <ClCompile Include="..\src\Utility\Json\JsonInfo.cpp">
      <Filter>Source Files\Utility\Json</Filter>
    </ClCompile>
    <ClCompile Include="..\src\Scene\Category\Gacha.cpp">
      <Filter>Source Files\Scene\Category</Filter>
    </ClCompile>
    <ClCompile Include="..\src\Object\UI\Font\FontBase.cpp">
      <Filter>Source Files\Object\UI\Font</Filter>
    </ClCompile>
    <ClCompile Include="..\src\Object\UI\FrameView\FrameRateView.cpp">
      <Filter>Source Files\Object\UI\FrameView</Filter>
    </ClCompile>
    <ClCompile Include="..\src\Scene\Category\Title.cpp">
      <Filter>Source Files\Scene\Category</Filter>
    </ClCompile>
    <ClCompile Include="..\src\Object\UI\TolUI\Gacha\GachaItem.cpp">
      <Filter>Source Files\Object\UI\TolUI\Gacha</Filter>
    </ClCompile>
  </ItemGroup>
  <ItemGroup>
    <ClInclude Include="..\src\Utility\Easing\Ease.h">
      <Filter>Source Files\Utility\Easing</Filter>
    </ClInclude>
    <ClInclude Include="..\src\Utility\Easing\EaseType.h">
      <Filter>Source Files\Utility\Easing</Filter>
    </ClInclude>
    <ClInclude Include="..\src\Utility\Input\InputEvent.h">
      <Filter>Source Files\Utility\Input</Filter>
    </ClInclude>
    <ClInclude Include="..\src\Utility\Input\Gamepad\Gamepad.h">
      <Filter>Source Files\Utility\Input\Gamepad</Filter>
    </ClInclude>
    <ClInclude Include="..\src\Utility\Time\Time.h">
      <Filter>Source Files\Utility\Time</Filter>
    </ClInclude>
    <ClInclude Include="..\src\Utility\Interface\Interface.h">
      <Filter>Source Files\Utility\Interface</Filter>
    </ClInclude>
    <ClInclude Include="..\src\Utility\Resize\Resize.h">
      <Filter>Source Files\Utility\Resize</Filter>
    </ClInclude>
    <ClInclude Include="..\src\Scene\Category\GameMain.h">
      <Filter>Source Files\Scene\Category</Filter>
    </ClInclude>
    <ClInclude Include="..\src\Scene\Manager\SceneBase.h">
      <Filter>Source Files\Scene\Manager</Filter>
    </ClInclude>
    <ClInclude Include="..\src\Object\Object.h">
      <Filter>Source Files\Object</Filter>
    </ClInclude>
    <ClInclude Include="..\src\Object\GameObject\GameObject.h">
      <Filter>Source Files\Object\GameObject</Filter>
    </ClInclude>
    <ClInclude Include="..\src\Object\GameObject\GameObjectEntities.h">
      <Filter>Source Files\Object\GameObject</Filter>
    </ClInclude>
    <ClInclude Include="..\src\Object\Component\Component.h">
      <Filter>Source Files\Object\Component</Filter>
    </ClInclude>
    <ClInclude Include="..\src\Object\Component\Components\Material.h">
      <Filter>Source Files\Object\Component\Components</Filter>
    </ClInclude>
    <ClInclude Include="..\src\Object\Component\Components\Texture.h">
      <Filter>Source Files\Object\Component\Components</Filter>
    </ClInclude>
    <ClInclude Include="..\src\Object\Component\Components\Transform.h">
      <Filter>Source Files\Object\Component\Components</Filter>
    </ClInclude>
    <ClInclude Include="..\src\Object\Component\Components\Color.h">
      <Filter>Source Files\Object\Component\Components</Filter>
    </ClInclude>
    <ClInclude Include="..\src\Object\GameObject\Camera\Camera.h">
      <Filter>Source Files\Object\GameObject\Camera</Filter>
    </ClInclude>
    <ClInclude Include="..\src\Object\GameObject\Player\Player.h">
      <Filter>Source Files\Object\GameObject\Player</Filter>
    </ClInclude>
    <ClInclude Include="..\src\Object\GameObject\Light\Light.h">
      <Filter>Source Files\Object\GameObject\Light</Filter>
    </ClInclude>
    <ClInclude Include="..\src\Coroutine.h">
      <Filter>Header Files</Filter>
    </ClInclude>
    <ClInclude Include="..\src\Object\GameObject\TolStage\TolStage.h">
      <Filter>Source Files\Object\GameObject\TolStage</Filter>
    </ClInclude>
    <ClInclude Include="..\src\Object\GameObject\TolStage\TolBlockActionBase.h">
      <Filter>Source Files\Object\GameObject\TolStage\Block\BlockAction</Filter>
    </ClInclude>
    <ClInclude Include="..\src\Object\GameObject\TolStage\TolBlockActions.h">
      <Filter>Source Files\Object\GameObject\TolStage\Block\BlockAction</Filter>
    </ClInclude>
    <ClInclude Include="..\src\Object\GameObject\TolStage\TolBlock.h">
      <Filter>Source Files\Object\GameObject\TolStage\Block</Filter>
    </ClInclude>
    <ClInclude Include="..\src\Task\ObjDataManager.h">
      <Filter>Source Files\Task</Filter>
    </ClInclude>
    <ClInclude Include="..\src\Task\SoundManager.h">
      <Filter>Source Files\Task</Filter>
    </ClInclude>
    <ClInclude Include="..\src\Task\TextureManager.h">
      <Filter>Source Files\Task</Filter>
    </ClInclude>
    <ClInclude Include="..\src\Object\GameObject\TolStage\TolBlockHolder.h">
      <Filter>Source Files\Object\GameObject\TolStage\Block</Filter>
    </ClInclude>
    <ClInclude Include="..\src\Object\GameObject\TolStage\TolCoin.h">
      <Filter>Source Files\Object\GameObject\TolStage\Coin</Filter>
    </ClInclude>
    <ClInclude Include="..\src\Object\GameObject\TolStage\TolCoinHolder.h">
      <Filter>Source Files\Object\GameObject\TolStage\Coin</Filter>
    </ClInclude>
    <ClInclude Include="..\src\Utility\Utility.h">
      <Filter>Source Files\Utility</Filter>
    </ClInclude>
    <ClInclude Include="..\src\Utility\Random\Random.h">
      <Filter>Source Files\Utility\Random</Filter>
    </ClInclude>
    <ClInclude Include="..\src\Tol\TolGameDataManager.h">
      <Filter>Source Files\Tol</Filter>
    </ClInclude>
    <ClInclude Include="..\src\Object\GameObject\Skydome\SkydomeBase.h">
      <Filter>Source Files\Object\GameObject\SkyDome</Filter>
    </ClInclude>
    <ClInclude Include="..\src\Object\GameObject\Skydome\Skydomes.h">
      <Filter>Source Files\Object\GameObject\SkyDome\Skydomes</Filter>
    </ClInclude>
    <ClInclude Include="..\src\Object\UI\UIBase.h">
      <Filter>Source Files\Object\UI</Filter>
    </ClInclude>
    <ClInclude Include="..\src\Object\UI\Button\ButtonBase.h">
      <Filter>Source Files\Object\UI\TextureUI\Button</Filter>
    </ClInclude>
    <ClInclude Include="..\src\Object\UI\TolUI\Gacha\GachaHolder.h">
      <Filter>Source Files\Object\UI\TolUI\Gacha</Filter>
    </ClInclude>
    <ClInclude Include="..\src\Object\UI\TolUI\Gacha\GachaButton.h">
      <Filter>Source Files\Object\UI\TolUI\Gacha</Filter>
    </ClInclude>
    <ClInclude Include="..\src\Object\UI\UICamera\UICamera.h">
      <Filter>Source Files\Object\UI\UICamera</Filter>
    </ClInclude>
    <ClInclude Include="..\src\Utility\Json\JsonInfo.h">
      <Filter>Source Files\Utility\Json</Filter>
    </ClInclude>
    <ClInclude Include="..\src\Scene\Category\Gacha.h">
      <Filter>Source Files\Scene\Category</Filter>
    </ClInclude>
    <ClInclude Include="..\src\Scene\Manager\SceneManager.h">
      <Filter>Source Files\Scene\Manager</Filter>
    </ClInclude>
    <ClInclude Include="..\src\Object\UI\Font\FontBase.h">
      <Filter>Source Files\Object\UI\Font</Filter>
    </ClInclude>
    <ClInclude Include="..\src\Object\UI\FrameView\FrameRateView.h">
      <Filter>Source Files\Object\UI\FrameView</Filter>
    </ClInclude>
    <ClInclude Include="..\src\Object\UI\TolUI\BackGround\BlocksBackGround.h">
      <Filter>Source Files\Object\UI\TolUI\BackGround</Filter>
    </ClInclude>
    <ClInclude Include="..\src\Object\UI\TextureRenderer\TextureRenderer.h">
      <Filter>Source Files\Object\UI\TextureUI</Filter>
    </ClInclude>
    <ClInclude Include="..\src\Object\UI\TolUI\Fade\Fade.h">
      <Filter>Source Files\Object\UI\TolUI\Fade</Filter>
    </ClInclude>
    <ClInclude Include="..\src\Scene\Category\Title.h">
      <Filter>Source Files\Scene\Category</Filter>
    </ClInclude>
    <ClInclude Include="..\src\Object\UI\TolUI\Gacha\GachaItem.h">
      <Filter>Source Files\Object\UI\TolUI\Gacha</Filter>
    </ClInclude>
  </ItemGroup>
</Project>