<?xml version="1.0" encoding="utf-8"?>
<Project ToolsVersion="4.0" xmlns="http://schemas.microsoft.com/developer/msbuild/2003">
  <ItemGroup>
    <Filter Include="Source Files">
      <UniqueIdentifier>{4FC737F1-C7A5-4376-A066-2A32D752A2FF}</UniqueIdentifier>
      <Extensions>cpp;c;cc;cxx;def;odl;idl;hpj;bat;asm;asmx</Extensions>
    </Filter>
    <Filter Include="Header Files">
      <UniqueIdentifier>{93995380-89BD-4b04-88EB-625FBE52EBFB}</UniqueIdentifier>
      <Extensions>h;hpp;hxx;hm;inl;inc;xsd</Extensions>
    </Filter>
    <Filter Include="Resource Files">
      <UniqueIdentifier>{67DA6AB6-F800-4c08-8B7A-83BB121AAD01}</UniqueIdentifier>
      <Extensions>rc;ico;cur;bmp;dlg;rc2;rct;bin;rgs;gif;jpg;jpeg;jpe;resx;tiff;tif;png;wav</Extensions>
    </Filter>
    <Filter Include="Source Files\Utility">
      <UniqueIdentifier>{13eacefb-2eec-49bc-89ff-22d6002b7fb6}</UniqueIdentifier>
    </Filter>
    <Filter Include="Source Files\Utility\Easing">
      <UniqueIdentifier>{188862f3-cf26-4995-8e99-1c3433e5cf07}</UniqueIdentifier>
    </Filter>
    <Filter Include="Source Files\Utility\Input">
      <UniqueIdentifier>{0274bf2e-a85d-4b54-9845-4ca259ce5f48}</UniqueIdentifier>
    </Filter>
    <Filter Include="Source Files\Utility\Input\Gamepad">
      <UniqueIdentifier>{4d56123b-d1d8-4732-9bd9-14dcb5a71ab5}</UniqueIdentifier>
    </Filter>
    <Filter Include="Source Files\Utility\Time">
      <UniqueIdentifier>{c3415810-585d-4a30-b563-14a2cf1e343f}</UniqueIdentifier>
    </Filter>
  </ItemGroup>
  <ItemGroup>
    <ClCompile Include="..\src\TowerOfLife.cpp">
      <Filter>Source Files</Filter>
    </ClCompile>
    <ClCompile Include="..\src\TowerOfLife.cpp">
      <Filter>Source Files</Filter>
    </ClCompile>
    <ClCompile Include="..\src\Utility\Easing\Ease.cpp">
      <Filter>Source Files\Utility\Easing</Filter>
    </ClCompile>
    <ClCompile Include="..\src\Utility\Easing\EaseType.cpp">
      <Filter>Source Files\Utility\Easing</Filter>
    </ClCompile>
    <ClCompile Include="..\src\Utility\Input\InputEvent.cpp">
      <Filter>Source Files\Utility\Input</Filter>
    </ClCompile>
  </ItemGroup>
  <ItemGroup>
    <ClInclude Include="..\src\Utility\Easing\Ease.h">
      <Filter>Source Files\Utility\Easing</Filter>
    </ClInclude>
    <ClInclude Include="..\src\Utility\Easing\EaseType.h">
      <Filter>Source Files\Utility\Easing</Filter>
    </ClInclude>
    <ClInclude Include="..\src\Utility\Input\InputEvent.h">
      <Filter>Source Files\Utility\Input</Filter>
    </ClInclude>
    <ClInclude Include="..\src\Utility\Input\Gamepad\Gamepad.h">
      <Filter>Source Files\Utility\Input\Gamepad</Filter>
    </ClInclude>
    <ClInclude Include="..\src\Utility\Time\Time.h">
      <Filter>Source Files\Utility\Time</Filter>
    </ClInclude>
  </ItemGroup>
</Project>